
Microsoft Visual Studio Solution File, Format Version 12.00
# Visual Studio Version 17
VisualStudioVersion = 17.4.33213.308
MinimumVisualStudioVersion = 10.0.40219.1
Project("{9A19103F-16F7-4668-BE54-9A1E7A4F7556}") = "MatInfo", "MatInfo\MatInfo.csproj", "{B637416D-544C-44D1-BCD0-8DDB2148ECF1}"
EndProject
Project("{FAE04EC0-301F-11D3-BF4B-00C04F79EFBC}") = "MatInfoTests", "MatInfoTests\MatInfoTests.csproj", "{56DD3174-D97F-436A-AAD4-E51E09FEA5B3}"
EndProject
Global
	GlobalSection(SolutionConfigurationPlatforms) = preSolution
		Debug|Any CPU = Debug|Any CPU
		Release|Any CPU = Release|Any CPU
	EndGlobalSection
	GlobalSection(ProjectConfigurationPlatforms) = postSolution
		{B637416D-544C-44D1-BCD0-8DDB2148ECF1}.Debug|Any CPU.ActiveCfg = Debug|Any CPU
		{B637416D-544C-44D1-BCD0-8DDB2148ECF1}.Debug|Any CPU.Build.0 = Debug|Any CPU
		{B637416D-544C-44D1-BCD0-8DDB2148ECF1}.Release|Any CPU.ActiveCfg = Release|Any CPU
		{B637416D-544C-44D1-BCD0-8DDB2148ECF1}.Release|Any CPU.Build.0 = Release|Any CPU
		{56DD3174-D97F-436A-AAD4-E51E09FEA5B3}.Debug|Any CPU.ActiveCfg = Debug|Any CPU
		{56DD3174-D97F-436A-AAD4-E51E09FEA5B3}.Debug|Any CPU.Build.0 = Debug|Any CPU
		{56DD3174-D97F-436A-AAD4-E51E09FEA5B3}.Release|Any CPU.ActiveCfg = Release|Any CPU
		{56DD3174-D97F-436A-AAD4-E51E09FEA5B3}.Release|Any CPU.Build.0 = Release|Any CPU
	EndGlobalSection
	GlobalSection(SolutionProperties) = preSolution
		HideSolutionNode = FALSE
	EndGlobalSection
	GlobalSection(ExtensibilityGlobals) = postSolution
		SolutionGuid = {BAF55F60-1CE8-4347-9F9A-C744C037FBD8}
	EndGlobalSection
EndGlobal
